# THIS IS AN AUTOGENERATED FILE. DO NOT EDIT THIS FILE DIRECTLY.
# yarn lockfile v1


"@babel/code-frame@^7.10.4":
  version "7.29.0"
  resolved "https://registry.npmjs.org/@babel/code-frame/-/code-frame-7.29.0.tgz"
  integrity sha512-9NhCeYjq9+3uxgdtp20LSiJXJvN0FeCtNGpJxuMFZ1Kv3cWUNb6DOhJwUvcVCzKGR66cw4njwM6hrJLqgOwbcw==
  dependencies:
    "@babel/helper-validator-identifier" "^7.28.5"
    js-tokens "^4.0.0"
    picocolors "^1.1.1"

"@babel/helper-string-parser@^7.27.1":
  version "7.27.1"
  resolved "https://registry.npmjs.org/@babel/helper-string-parser/-/helper-string-parser-7.27.1.tgz"
  integrity sha512-qMlSxKbpRlAridDExk92nSobyDdpPijUq2DW6oDnUqd0iOGxmQjyqhMIihI9+zv4LPyZdRje2cavWPbCbWm3eA==

"@babel/helper-validator-identifier@^7.28.5":
  version "7.28.5"
  resolved "https://registry.npmjs.org/@babel/helper-validator-identifier/-/helper-validator-identifier-7.28.5.tgz"
  integrity sha512-qSs4ifwzKJSV39ucNjsvc6WVHs6b7S03sOh2OcHF9UHfVPqWWALUsNUVzhSBiItjRZoLHx7nIarVjqKVusUZ1Q==

"@babel/parser@^7.28.5":
  version "7.29.0"
  resolved "https://registry.npmjs.org/@babel/parser/-/parser-7.29.0.tgz"
  integrity sha512-IyDgFV5GeDUVX4YdF/3CPULtVGSXXMLh1xVIgdCgxApktqnQV0r7/8Nqthg+8YLGaAtdyIlo2qIdZrbCv4+7ww==
  dependencies:
    "@babel/types" "^7.29.0"

"@babel/runtime@^7.12.5":
  version "7.28.6"
  resolved "https://registry.npmjs.org/@babel/runtime/-/runtime-7.28.6.tgz"
  integrity sha512-05WQkdpL9COIMz4LjTxGpPNCdlpyimKppYNoJ5Di5EUObifl8t4tuLuUBBZEpoLYOmfvIWrsp9fCl0HoPRVTdA==

"@babel/types@^7.28.5", "@babel/types@^7.29.0":
  version "7.29.0"
  resolved "https://registry.npmjs.org/@babel/types/-/types-7.29.0.tgz"
  integrity sha512-LwdZHpScM4Qz8Xw2iKSzS+cfglZzJGvofQICy7W7v4caru4EaAmyUuO6BGrbyQ2mYV11W0U8j5mBhd14dd3B0A==
  dependencies:
    "@babel/helper-string-parser" "^7.27.1"
    "@babel/helper-validator-identifier" "^7.28.5"

"@bcoe/v8-coverage@^1.0.2":
  version "1.0.2"
  resolved "https://registry.npmjs.org/@bcoe/v8-coverage/-/v8-coverage-1.0.2.tgz"
  integrity sha512-6zABk/ECA/QYSCQ1NGiVwwbQerUCZ+TQbp64Q3AgmfNvurHH0j8TtXa1qbShXA6qqkpAj4V5W8pP6mLe1mcMqA==

"@esbuild/darwin-arm64@0.27.2":
  version "0.27.2"
  resolved "https://registry.npmjs.org/@esbuild/darwin-arm64/-/darwin-arm64-0.27.2.tgz"
  integrity sha512-davCD2Zc80nzDVRwXTcQP/28fiJbcOwvdolL0sOiOsbwBa72kegmVU0Wrh1MYrbuCL98Omp5dVhQFWRKR2ZAlg==

"@instantdb/core@^0.22.119":
  version "0.22.119"
  resolved "https://registry.npmjs.org/@instantdb/core/-/core-0.22.119.tgz"
  integrity sha512-TQqLN10zYwc2dB6NvQ7i8iZ0KLDZ4+QJ+FJ2U7gGoRlAK/HwIcckpJdFcb6Pvz8kq+vfea9BP77IqeYiRojMEg==
  dependencies:
    "@instantdb/version" "0.22.119"
    mutative "^1.0.10"
    uuid "^11.1.0"

"@instantdb/version@0.22.119":
  version "0.22.119"
  resolved "https://registry.npmjs.org/@instantdb/version/-/version-0.22.119.tgz"
  integrity sha512-kQ5sxNP2GcsGAPOrkKl5DUpxtASKG8i7wL9ibKRylcAQE+Q3DWax8qV7wSQtfJqFilprugy6QWzm9f0r71MpvQ==

"@jridgewell/resolve-uri@^3.1.0":
  version "3.1.2"
  resolved "https://registry.npmjs.org/@jridgewell/resolve-uri/-/resolve-uri-3.1.2.tgz"
  integrity sha512-bRISgCIjP20/tbWSPWMEi54QVPRZExkuD9lJL+UIxUKtwVJA8wW1Trb1jMs1RFXo1CBTNZ/5hpC9QvmKWdopKw==

"@jridgewell/sourcemap-codec@^1.4.14", "@jridgewell/sourcemap-codec@^1.5.5":
  version "1.5.5"
  resolved "https://registry.npmjs.org/@jridgewell/sourcemap-codec/-/sourcemap-codec-1.5.5.tgz"
  integrity sha512-cYQ9310grqxueWbl+WuIUIaiUaDcj7WOq5fVhEljNVgRfOUhY9fy2zTvfoqWsnebh8Sl70VScFbICvJnLKB0Og==

"@jridgewell/trace-mapping@^0.3.31":
  version "0.3.31"
  resolved "https://registry.npmjs.org/@jridgewell/trace-mapping/-/trace-mapping-0.3.31.tgz"
  integrity sha512-zzNR+SdQSDJzc8joaeP8QQoCQr8NuYx2dIIytl1QeBEZHJ9uW6hebsrYgbz8hJwUQao3TWCMtmfV8Nu1twOLAw==
  dependencies:
    "@jridgewell/resolve-uri" "^3.1.0"
    "@jridgewell/sourcemap-codec" "^1.4.14"

"@polka/url@^1.0.0-next.24":
  version "1.0.0-next.29"
  resolved "https://registry.npmjs.org/@polka/url/-/url-1.0.0-next.29.tgz"
  integrity sha512-wwQAWhWSuHaag8c4q/KN/vCoeOJYshAIvMQwD4GpSb3OiZklFfvAgmj0VCBBImRpuF/aFgIRzllXlVX93Jevww==

"@rollup/rollup-darwin-arm64@4.57.1":
  version "4.57.1"
  resolved "https://registry.npmjs.org/@rollup/rollup-darwin-arm64/-/rollup-darwin-arm64-4.57.1.tgz"
  integrity sha512-crNPrwJOrRxagUYeMn/DZwqN88SDmwaJ8Cvi/TN1HnWBU7GwknckyosC2gd0IqYRsHDEnXf328o9/HC6OkPgOg==

"@standard-schema/spec@^1.0.0":
  version "1.1.0"
  resolved "https://registry.npmjs.org/@standard-schema/spec/-/spec-1.1.0.tgz"
  integrity sha512-l2aFy5jALhniG5HgqrD6jXLi/rUWrKvqN/qJx6yoJsgKhblVd+iqqU4RCXavm/jPityDo5TCvKMnpjKnOriy0w==

"@testing-library/dom@^10.4.1", "@testing-library/dom@>=7.21.4":
  version "10.4.1"
  resolved "https://registry.npmjs.org/@testing-library/dom/-/dom-10.4.1.tgz"
  integrity sha512-o4PXJQidqJl82ckFaXUeoAW+XysPLauYI43Abki5hABd853iMhitooc6znOnczgbTYmEP6U6/y1ZyKAIsvMKGg==
  dependencies:
    "@babel/code-frame" "^7.10.4"
    "@babel/runtime" "^7.12.5"
    "@types/aria-query" "^5.0.1"
    aria-query "5.3.0"
    dom-accessibility-api "^0.5.9"
    lz-string "^1.5.0"
    picocolors "1.1.1"
    pretty-format "^27.0.2"

"@testing-library/user-event@^14.6.1":
  version "14.6.1"
  resolved "https://registry.npmjs.org/@testing-library/user-event/-/user-event-14.6.1.tgz"
  integrity sha512-vq7fv0rnt+QTXgPxr5Hjc210p6YKq2kmdziLgnsZGgLJ9e6VAShx1pACLuRjd/AS/sr7phAR58OIIpf0LlmQNw==

"@types/aria-query@^5.0.1":
  version "5.0.4"
  resolved "https://registry.npmjs.org/@types/aria-query/-/aria-query-5.0.4.tgz"
  integrity sha512-rfT93uj5s0PRL7EzccGMs3brplhcrghnDoV26NqKhCAS1hVo+WdNsPvE/yb6ilfr5hi2MEk6d5EWJTKdxg8jVw==

"@types/chai@^5.2.2":
  version "5.2.3"
  resolved "https://registry.npmjs.org/@types/chai/-/chai-5.2.3.tgz"
  integrity sha512-Mw558oeA9fFbv65/y4mHtXDs9bPnFMZAL/jxdPFUpOHHIXX91mcgEHbS5Lahr+pwZFR8A7GQleRWeI6cGFC2UA==
  dependencies:
    "@types/deep-eql" "*"
    assertion-error "^2.0.1"

"@types/deep-eql@*":
  version "4.0.2"
  resolved "https://registry.npmjs.org/@types/deep-eql/-/deep-eql-4.0.2.tgz"
  integrity sha512-c9h9dVVMigMPc4bwTvC5dxqtqJZwQPePsWjPlpSOnojbor6pGqdk541lfA7AqFQr5pB1BRdq0juY9db81BwyFw==

"@types/estree@^1.0.0", "@types/estree@1.0.8":
  version "1.0.8"
  resolved "https://registry.npmjs.org/@types/estree/-/estree-1.0.8.tgz"
  integrity sha512-dWHzHa2WqEXI/O1E9OjrocMTKJl2mSrEolh1Iomrv6U+JuNwaHXsXx9bLu5gG7BUWFIN0skIQJQ/L1rIex4X6w==

"@types/node@*", "@types/node@^20.0.0 || ^22.0.0 || >=24.0.0", "@types/node@^20.19.0 || >=22.12.0", "@types/node@^25.1.0", "@types/node@>=20.0.0":
  version "25.1.0"
  resolved "https://registry.npmjs.org/@types/node/-/node-25.1.0.tgz"
  integrity sha512-t7frlewr6+cbx+9Ohpl0NOTKXZNV9xHRmNOvql47BFJKcEG1CxtxlPEEe+gR9uhVWM4DwhnvTF110mIL4yP9RA==
  dependencies:
    undici-types "~7.16.0"

"@types/whatwg-mimetype@^3.0.2":
  version "3.0.2"
  resolved "https://registry.npmjs.org/@types/whatwg-mimetype/-/whatwg-mimetype-3.0.2.tgz"
  integrity sha512-c2AKvDT8ToxLIOUlN51gTiHXflsfIFisS4pO7pDPoKouJCESkhZnEy623gwP9laCy5lnLDAw1vAzu2vM2YLOrA==

"@types/ws@^8.18.1":
  version "8.18.1"
  resolved "https://registry.npmjs.org/@types/ws/-/ws-8.18.1.tgz"
  integrity sha512-ThVF6DCVhA8kUGy+aazFQ4kXQ7E1Ty7A3ypFOe0IcJV8O/M511G99AW24irKrW56Wt44yG9+ij8FaqoBGkuBXg==
  dependencies:
    "@types/node" "*"

"@vitest/coverage-v8@^4.0.18":
  version "4.0.18"
  resolved "https://registry.npmjs.org/@vitest/coverage-v8/-/coverage-v8-4.0.18.tgz"
  integrity sha512-7i+N2i0+ME+2JFZhfuz7Tg/FqKtilHjGyGvoHYQ6iLV0zahbsJ9sljC9OcFcPDbhYKCet+sG8SsVqlyGvPflZg==
  dependencies:
    "@bcoe/v8-coverage" "^1.0.2"
    "@vitest/utils" "4.0.18"
    ast-v8-to-istanbul "^0.3.10"
    istanbul-lib-coverage "^3.2.2"
    istanbul-lib-report "^3.0.1"
    istanbul-reports "^3.2.0"
    magicast "^0.5.1"
    obug "^2.1.1"
    std-env "^3.10.0"
    tinyrainbow "^3.0.3"

"@vitest/expect@4.0.18":
  version "4.0.18"
  resolved "https://registry.npmjs.org/@vitest/expect/-/expect-4.0.18.tgz"
  integrity sha512-8sCWUyckXXYvx4opfzVY03EOiYVxyNrHS5QxX3DAIi5dpJAAkyJezHCP77VMX4HKA2LDT/Jpfo8i2r5BE3GnQQ==
  dependencies:
    "@standard-schema/spec" "^1.0.0"
    "@types/chai" "^5.2.2"
    "@vitest/spy" "4.0.18"
    "@vitest/utils" "4.0.18"
    chai "^6.2.1"
    tinyrainbow "^3.0.3"

"@vitest/mocker@4.0.18":
  version "4.0.18"
  resolved "https://registry.npmjs.org/@vitest/mocker/-/mocker-4.0.18.tgz"
  integrity sha512-HhVd0MDnzzsgevnOWCBj5Otnzobjy5wLBe4EdeeFGv8luMsGcYqDuFRMcttKWZA5vVO8RFjexVovXvAM4JoJDQ==
  dependencies:
    "@vitest/spy" "4.0.18"
    estree-walker "^3.0.3"
    magic-string "^0.30.21"

"@vitest/pretty-format@4.0.18":
  version "4.0.18"
  resolved "https://registry.npmjs.org/@vitest/pretty-format/-/pretty-format-4.0.18.tgz"
  integrity sha512-P24GK3GulZWC5tz87ux0m8OADrQIUVDPIjjj65vBXYG17ZeU3qD7r+MNZ1RNv4l8CGU2vtTRqixrOi9fYk/yKw==
  dependencies:
    tinyrainbow "^3.0.3"

"@vitest/runner@4.0.18":
  version "4.0.18"
  resolved "https://registry.npmjs.org/@vitest/runner/-/runner-4.0.18.tgz"
  integrity sha512-rpk9y12PGa22Jg6g5M3UVVnTS7+zycIGk9ZNGN+m6tZHKQb7jrP7/77WfZy13Y/EUDd52NDsLRQhYKtv7XfPQw==
  dependencies:
    "@vitest/utils" "4.0.18"
    pathe "^2.0.3"

"@vitest/snapshot@4.0.18":
  version "4.0.18"
  resolved "https://registry.npmjs.org/@vitest/snapshot/-/snapshot-4.0.18.tgz"
  integrity sha512-PCiV0rcl7jKQjbgYqjtakly6T1uwv/5BQ9SwBLekVg/EaYeQFPiXcgrC2Y7vDMA8dM1SUEAEV82kgSQIlXNMvA==
  dependencies:
    "@vitest/pretty-format" "4.0.18"
    magic-string "^0.30.21"
    pathe "^2.0.3"

"@vitest/spy@4.0.18":
  version "4.0.18"
  resolved "https://registry.npmjs.org/@vitest/spy/-/spy-4.0.18.tgz"
  integrity sha512-cbQt3PTSD7P2OARdVW3qWER5EGq7PHlvE+QfzSC0lbwO+xnt7+XH06ZzFjFRgzUX//JmpxrCu92VdwvEPlWSNw==

"@vitest/ui@^4.0.18", "@vitest/ui@4.0.18":
  version "4.0.18"
  resolved "https://registry.npmjs.org/@vitest/ui/-/ui-4.0.18.tgz"
  integrity sha512-CGJ25bc8fRi8Lod/3GHSvXRKi7nBo3kxh0ApW4yCjmrWmRmlT53B5E08XRSZRliygG0aVNxLrBEqPYdz/KcCtQ==
  dependencies:
    "@vitest/utils" "4.0.18"
    fflate "^0.8.2"
    flatted "^3.3.3"
    pathe "^2.0.3"
    sirv "^3.0.2"
    tinyglobby "^0.2.15"
    tinyrainbow "^3.0.3"

"@vitest/utils@4.0.18":
  version "4.0.18"
  resolved "https://registry.npmjs.org/@vitest/utils/-/utils-4.0.18.tgz"
  integrity sha512-msMRKLMVLWygpK3u2Hybgi4MNjcYJvwTb0Ru09+fOyCXIgT5raYP041DRRdiJiI3k/2U6SEbAETB3YtBrUkCFA==
  dependencies:
    "@vitest/pretty-format" "4.0.18"
    tinyrainbow "^3.0.3"

ansi-regex@^5.0.1:
  version "5.0.1"
  resolved "https://registry.npmjs.org/ansi-regex/-/ansi-regex-5.0.1.tgz"
  integrity sha512-quJQXlTSUGL2LH9SUXo8VwsY4soanhgo6LNSm84E1LBcE8s3O0wpdiRzyR9z/ZZJMlMWv37qOOb9pdJlMUEKFQ==

ansi-styles@^5.0.0:
  version "5.2.0"
  resolved "https://registry.npmjs.org/ansi-styles/-/ansi-styles-5.2.0.tgz"
  integrity sha512-Cxwpt2SfTzTtXcfOlzGEee8O+c+MmUgGrNiBcXnuWxuFJHe6a5Hz7qwhwe5OgaSYI0IJvkLqWX1ASG+cJOkEiA==

aria-query@5.3.0:
  version "5.3.0"
  resolved "https://registry.npmjs.org/aria-query/-/aria-query-5.3.0.tgz"
  integrity sha512-b0P0sZPKtyu8HkeRAfCq0IfURZK+SuwMjY1UXGBU27wpAiTwQAIlq56IbIO+ytk/JjS1fMR14ee5WBBfKi5J6A==
  dependencies:
    dequal "^2.0.3"

assertion-error@^2.0.1:
  version "2.0.1"
  resolved "https://registry.npmjs.org/assertion-error/-/assertion-error-2.0.1.tgz"
  integrity sha512-Izi8RQcffqCeNVgFigKli1ssklIbpHnCYc6AknXGYoB6grJqyeby7jv12JUQgmTAnIDnbck1uxksT4dzN3PWBA==

ast-v8-to-istanbul@^0.3.10:
  version "0.3.11"
  resolved "https://registry.npmjs.org/ast-v8-to-istanbul/-/ast-v8-to-istanbul-0.3.11.tgz"
  integrity sha512-Qya9fkoofMjCBNVdWINMjB5KZvkYfaO9/anwkWnjxibpWUxo5iHl2sOdP7/uAqaRuUYuoo8rDwnbaaKVFxoUvw==
  dependencies:
    "@jridgewell/trace-mapping" "^0.3.31"
    estree-walker "^3.0.3"
    js-tokens "^10.0.0"

chai@^6.2.1:
  version "6.2.2"
  resolved "https://registry.npmjs.org/chai/-/chai-6.2.2.tgz"
  integrity sha512-NUPRluOfOiTKBKvWPtSD4PhFvWCqOi0BGStNWs57X9js7XGTprSmFoz5F0tWhR4WPjNeR9jXqdC7/UpSJTnlRg==

dequal@^2.0.3:
  version "2.0.3"
  resolved "https://registry.npmjs.org/dequal/-/dequal-2.0.3.tgz"
  integrity sha512-0je+qPKHEMohvfRTCEo3CrPG6cAzAYgmzKyxRiYSSDkS6eGJdyVJm7WaYA5ECaAD9wLB2T4EEeymA5aFVcYXCA==

dom-accessibility-api@^0.5.9:
  version "0.5.16"
  resolved "https://registry.npmjs.org/dom-accessibility-api/-/dom-accessibility-api-0.5.16.tgz"
  integrity sha512-X7BJ2yElsnOJ30pZF4uIIDfBEVgF4XEBxL9Bxhy6dnrm5hkzqmsWHGTiHqRiITNhMyFLyAiWndIJP7Z1NTteDg==

entities@^4.5.0:
  version "4.5.0"
  resolved "https://registry.npmjs.org/entities/-/entities-4.5.0.tgz"
  integrity sha512-V0hjH4dGPh9Ao5p0MoRY6BVqtwCjhz6vI5LT8AJ55H+4g9/4vbHx1I54fS0XuclLhDHArPQCiMjDxjaL8fPxhw==

es-module-lexer@^1.7.0:
  version "1.7.0"
  resolved "https://registry.npmjs.org/es-module-lexer/-/es-module-lexer-1.7.0.tgz"
  integrity sha512-jEQoCwk8hyb2AZziIOLhDqpm5+2ww5uIE6lkO/6jcOCusfk6LhMHpXXfBLXTZ7Ydyt0j4VoUQv6uGNYbdW+kBA==

esbuild@^0.27.0:
  version "0.27.2"
  resolved "https://registry.npmjs.org/esbuild/-/esbuild-0.27.2.tgz"
  integrity sha512-HyNQImnsOC7X9PMNaCIeAm4ISCQXs5a5YasTXVliKv4uuBo1dKrG0A+uQS8M5eXjVMnLg3WgXaKvprHlFJQffw==
  optionalDependencies:
    "@esbuild/aix-ppc64" "0.27.2"
    "@esbuild/android-arm" "0.27.2"
    "@esbuild/android-arm64" "0.27.2"
    "@esbuild/android-x64" "0.27.2"
    "@esbuild/darwin-arm64" "0.27.2"
    "@esbuild/darwin-x64" "0.27.2"
    "@esbuild/freebsd-arm64" "0.27.2"
    "@esbuild/freebsd-x64" "0.27.2"
    "@esbuild/linux-arm" "0.27.2"
    "@esbuild/linux-arm64" "0.27.2"
    "@esbuild/linux-ia32" "0.27.2"
    "@esbuild/linux-loong64" "0.27.2"
    "@esbuild/linux-mips64el" "0.27.2"
    "@esbuild/linux-ppc64" "0.27.2"
    "@esbuild/linux-riscv64" "0.27.2"
    "@esbuild/linux-s390x" "0.27.2"
    "@esbuild/linux-x64" "0.27.2"
    "@esbuild/netbsd-arm64" "0.27.2"
    "@esbuild/netbsd-x64" "0.27.2"
    "@esbuild/openbsd-arm64" "0.27.2"
    "@esbuild/openbsd-x64" "0.27.2"
    "@esbuild/openharmony-arm64" "0.27.2"
    "@esbuild/sunos-x64" "0.27.2"
    "@esbuild/win32-arm64" "0.27.2"
    "@esbuild/win32-ia32" "0.27.2"
    "@esbuild/win32-x64" "0.27.2"

estree-walker@^3.0.3:
  version "3.0.3"
  resolved "https://registry.npmjs.org/estree-walker/-/estree-walker-3.0.3.tgz"
  integrity sha512-7RUKfXgSMMkzt6ZuXmqapOurLGPPfgj6l9uRZ7lRGolvk0y2yocc35LdcxKC5PQZdn2DMqioAQ2NoWcrTKmm6g==
  dependencies:
    "@types/estree" "^1.0.0"

expect-type@^1.2.2:
  version "1.3.0"
  resolved "https://registry.npmjs.org/expect-type/-/expect-type-1.3.0.tgz"
  integrity sha512-knvyeauYhqjOYvQ66MznSMs83wmHrCycNEN6Ao+2AeYEfxUIkuiVxdEa1qlGEPK+We3n0THiDciYSsCcgW/DoA==

fdir@^6.5.0:
  version "6.5.0"
  resolved "https://registry.npmjs.org/fdir/-/fdir-6.5.0.tgz"
  integrity sha512-tIbYtZbucOs0BRGqPJkshJUYdL+SDH7dVM8gjy+ERp3WAUjLEFJE+02kanyHtwjWOnwrKYBiwAmM0p4kLJAnXg==

fflate@^0.8.2:
  version "0.8.2"
  resolved "https://registry.npmjs.org/fflate/-/fflate-0.8.2.tgz"
  integrity sha512-cPJU47OaAoCbg0pBvzsgpTPhmhqI5eJjh/JIu8tPj5q+T7iLvW/JAYUqmE7KOB4R1ZyEhzBaIQpQpardBF5z8A==

flatted@^3.3.3:
  version "3.3.3"
  resolved "https://registry.npmjs.org/flatted/-/flatted-3.3.3.tgz"
  integrity sha512-GX+ysw4PBCz0PzosHDepZGANEuFCMLrnRTiEy9McGjmkCQYwRq4A/X786G/fjM/+OjsWSU1ZrY5qyARZmO/uwg==

fsevents@~2.3.2, fsevents@~2.3.3:
  version "2.3.3"
  resolved "https://registry.npmjs.org/fsevents/-/fsevents-2.3.3.tgz"
  integrity sha512-5xoDfX+fL7faATnagmWPpbFtwh/R77WmMMqqHGS65C3vvB0YHrgF+B1YmZ3441tMj5n63k0212XNoJwzlhffQw==

happy-dom@*, happy-dom@^20.4.0:
  version "20.4.0"
  resolved "https://registry.npmjs.org/happy-dom/-/happy-dom-20.4.0.tgz"
  integrity sha512-RDeQm3dT9n0A5f/TszjUmNCLEuPnMGv3Tv4BmNINebz/h17PA6LMBcxJ5FrcqltNBMh9jA/8ufgDdBYUdBt+eg==
  dependencies:
    "@types/node" ">=20.0.0"
    "@types/whatwg-mimetype" "^3.0.2"
    "@types/ws" "^8.18.1"
    entities "^4.5.0"
    whatwg-mimetype "^3.0.0"
    ws "^8.18.3"

has-flag@^4.0.0:
  version "4.0.0"
  resolved "https://registry.npmjs.org/has-flag/-/has-flag-4.0.0.tgz"
  integrity sha512-EykJT/Q1KjTWctppgIAgfSO0tKVuZUjhgMr17kqTumMl6Afv3EISleU7qZUzoXDFTAHTDC4NOoG/ZxU3EvlMPQ==

html-escaper@^2.0.0:
  version "2.0.2"
  resolved "https://registry.npmjs.org/html-escaper/-/html-escaper-2.0.2.tgz"
  integrity sha512-H2iMtd0I4Mt5eYiapRdIDjp+XzelXQ0tFE4JS7YFwFevXXMmOp9myNrUvCg0D6ws8iqkRPBfKHgbwig1SmlLfg==

istanbul-lib-coverage@^3.0.0, istanbul-lib-coverage@^3.2.2:
  version "3.2.2"
  resolved "https://registry.npmjs.org/istanbul-lib-coverage/-/istanbul-lib-coverage-3.2.2.tgz"
  integrity sha512-O8dpsF+r0WV/8MNRKfnmrtCWhuKjxrq2w+jpzBL5UZKTi2LeVWnWOmWRxFlesJONmc+wLAGvKQZEOanko0LFTg==

istanbul-lib-report@^3.0.0, istanbul-lib-report@^3.0.1:
  version "3.0.1"
  resolved "https://registry.npmjs.org/istanbul-lib-report/-/istanbul-lib-report-3.0.1.tgz"
  integrity sha512-GCfE1mtsHGOELCU8e/Z7YWzpmybrx/+dSTfLrvY8qRmaY6zXTKWn6WQIjaAFw069icm6GVMNkgu0NzI4iPZUNw==
  dependencies:
    istanbul-lib-coverage "^3.0.0"
    make-dir "^4.0.0"
    supports-color "^7.1.0"

istanbul-reports@^3.2.0:
  version "3.2.0"
  resolved "https://registry.npmjs.org/istanbul-reports/-/istanbul-reports-3.2.0.tgz"
  integrity sha512-HGYWWS/ehqTV3xN10i23tkPkpH46MLCIMFNCaaKNavAXTF1RkqxawEPtnjnGZ6XKSInBKkiOA5BKS+aZiY3AvA==
  dependencies:
    html-escaper "^2.0.0"
    istanbul-lib-report "^3.0.0"

js-tokens@^10.0.0:
  version "10.0.0"
  resolved "https://registry.npmjs.org/js-tokens/-/js-tokens-10.0.0.tgz"
  integrity sha512-lM/UBzQmfJRo9ABXbPWemivdCW8V2G8FHaHdypQaIy523snUjog0W71ayWXTjiR+ixeMyVHN2XcpnTd/liPg/Q==

js-tokens@^4.0.0:
  version "4.0.0"
  resolved "https://registry.npmjs.org/js-tokens/-/js-tokens-4.0.0.tgz"
  integrity sha512-RdJUflcE3cUzKiMqQgsCu06FPu9UdIJO0beYbPhHN4k6apgJtifcoCtT9bcxOpYBtpD2kCM6Sbzg4CausW/PKQ==

lz-string@^1.5.0:
  version "1.5.0"
  resolved "https://registry.npmjs.org/lz-string/-/lz-string-1.5.0.tgz"
  integrity sha512-h5bgJWpxJNswbU7qCrV0tIKQCaS3blPDrqKWx+QxzuzL1zGUzij9XCWLrSLsJPu5t+eWA/ycetzYAO5IOMcWAQ==

magic-string@^0.30.21:
  version "0.30.21"
  resolved "https://registry.npmjs.org/magic-string/-/magic-string-0.30.21.tgz"
  integrity sha512-vd2F4YUyEXKGcLHoq+TEyCjxueSeHnFxyyjNp80yg0XV4vUhnDer/lvvlqM/arB5bXQN5K2/3oinyCRyx8T2CQ==
  dependencies:
    "@jridgewell/sourcemap-codec" "^1.5.5"

magicast@^0.5.1:
  version "0.5.1"
  resolved "https://registry.npmjs.org/magicast/-/magicast-0.5.1.tgz"
  integrity sha512-xrHS24IxaLrvuo613F719wvOIv9xPHFWQHuvGUBmPnCA/3MQxKI3b+r7n1jAoDHmsbC5bRhTZYR77invLAxVnw==
  dependencies:
    "@babel/parser" "^7.28.5"
    "@babel/types" "^7.28.5"
    source-map-js "^1.2.1"

make-dir@^4.0.0:
  version "4.0.0"
  resolved "https://registry.npmjs.org/make-dir/-/make-dir-4.0.0.tgz"
  integrity sha512-hXdUTZYIVOt1Ex//jAQi+wTZZpUpwBj/0QsOzqegb3rGMMeJiSEu5xLHnYfBrRV4RH2+OCSOO95Is/7x1WJ4bw==
  dependencies:
    semver "^7.5.3"

mrmime@^2.0.0:
  version "2.0.1"
  resolved "https://registry.npmjs.org/mrmime/-/mrmime-2.0.1.tgz"
  integrity sha512-Y3wQdFg2Va6etvQ5I82yUhGdsKrcYox6p7FfL1LbK2J4V01F9TGlepTIhnK24t7koZibmg82KGglhA1XK5IsLQ==

mutative@^1.0.10:
  version "1.3.0"
  resolved "https://registry.npmjs.org/mutative/-/mutative-1.3.0.tgz"
  integrity sha512-8MJj6URmOZAV70dpFe1YnSppRTKC4DsMkXQiBDFayLcDI4ljGokHxmpqaBQuDWa4iAxWaJJ1PS8vAmbntjjKmQ==

nanoid@^3.3.11:
  version "3.3.11"
  resolved "https://registry.npmjs.org/nanoid/-/nanoid-3.3.11.tgz"
  integrity sha512-N8SpfPUnUp1bK+PMYW8qSWdl9U+wwNWI4QKxOYDy9JAro3WMX7p2OeVRF9v+347pnakNevPmiHhNmZ2HbFA76w==

obug@^2.1.1:
  version "2.1.1"
  resolved "https://registry.npmjs.org/obug/-/obug-2.1.1.tgz"
  integrity sha512-uTqF9MuPraAQ+IsnPf366RG4cP9RtUi7MLO1N3KEc+wb0a6yKpeL0lmk2IB1jY5KHPAlTc6T/JRdC/YqxHNwkQ==

pathe@^2.0.3:
  version "2.0.3"
  resolved "https://registry.npmjs.org/pathe/-/pathe-2.0.3.tgz"
  integrity sha512-WUjGcAqP1gQacoQe+OBJsFA7Ld4DyXuUIjZ5cc75cLHvJ7dtNsTugphxIADwspS+AraAUePCKrSVtPLFj/F88w==

picocolors@^1.1.1, picocolors@1.1.1:
  version "1.1.1"
  resolved "https://registry.npmjs.org/picocolors/-/picocolors-1.1.1.tgz"
  integrity sha512-xceH2snhtb5M9liqDsmEw56le376mTZkEX/jEb/RxNFyegNul7eNslCXP9FDj/Lcu0X8KEyMceP2ntpaHrDEVA==

"picomatch@^3 || ^4", picomatch@^4.0.3:
  version "4.0.3"
  resolved "https://registry.npmjs.org/picomatch/-/picomatch-4.0.3.tgz"
  integrity sha512-5gTmgEY/sqK6gFXLIsQNH19lWb4ebPDLA4SdLP7dsWkIXHWlG66oPuVvXSGFPppYZz8ZDZq0dYYrbHfBCVUb1Q==

postcss@^8.5.6:
  version "8.5.6"
  resolved "https://registry.npmjs.org/postcss/-/postcss-8.5.6.tgz"
  integrity sha512-3Ybi1tAuwAP9s0r1UQ2J4n5Y0G05bJkpUIO0/bI9MhwmD70S5aTWbXGBwxHrelT+XM1k6dM0pk+SwNkpTRN7Pg==
  dependencies:
    nanoid "^3.3.11"
    picocolors "^1.1.1"
    source-map-js "^1.2.1"

pretty-format@^27.0.2:
  version "27.5.1"
  resolved "https://registry.npmjs.org/pretty-format/-/pretty-format-27.5.1.tgz"
  integrity sha512-Qb1gy5OrP5+zDf2Bvnzdl3jsTf1qXVMazbvCoKhtKqVs4/YK4ozX4gKQJJVyNe+cajNPn0KoC0MC3FUmaHWEmQ==
  dependencies:
    ansi-regex "^5.0.1"
    ansi-styles "^5.0.0"
    react-is "^17.0.1"

react-is@^17.0.1:
  version "17.0.2"
  resolved "https://registry.npmjs.org/react-is/-/react-is-17.0.2.tgz"
  integrity sha512-w2GsyukL62IJnlaff/nRegPQR94C/XXamvMWmSHRJ4y7Ts/4ocGRmTHvOs8PSE6pB3dWOrD/nueuU5sduBsQ4w==

rollup@^4.43.0:
  version "4.57.1"
  resolved "https://registry.npmjs.org/rollup/-/rollup-4.57.1.tgz"
  integrity sha512-oQL6lgK3e2QZeQ7gcgIkS2YZPg5slw37hYufJ3edKlfQSGGm8ICoxswK15ntSzF/a8+h7ekRy7k7oWc3BQ7y8A==
  dependencies:
    "@types/estree" "1.0.8"
  optionalDependencies:
    "@rollup/rollup-android-arm-eabi" "4.57.1"
    "@rollup/rollup-android-arm64" "4.57.1"
    "@rollup/rollup-darwin-arm64" "4.57.1"
    "@rollup/rollup-darwin-x64" "4.57.1"
    "@rollup/rollup-freebsd-arm64" "4.57.1"
    "@rollup/rollup-freebsd-x64" "4.57.1"
    "@rollup/rollup-linux-arm-gnueabihf" "4.57.1"
    "@rollup/rollup-linux-arm-musleabihf" "4.57.1"
    "@rollup/rollup-linux-arm64-gnu" "4.57.1"
    "@rollup/rollup-linux-arm64-musl" "4.57.1"
    "@rollup/rollup-linux-loong64-gnu" "4.57.1"
    "@rollup/rollup-linux-loong64-musl" "4.57.1"
    "@rollup/rollup-linux-ppc64-gnu" "4.57.1"
    "@rollup/rollup-linux-ppc64-musl" "4.57.1"
    "@rollup/rollup-linux-riscv64-gnu" "4.57.1"
    "@rollup/rollup-linux-riscv64-musl" "4.57.1"
    "@rollup/rollup-linux-s390x-gnu" "4.57.1"
    "@rollup/rollup-linux-x64-gnu" "4.57.1"
    "@rollup/rollup-linux-x64-musl" "4.57.1"
    "@rollup/rollup-openbsd-x64" "4.57.1"
    "@rollup/rollup-openharmony-arm64" "4.57.1"
    "@rollup/rollup-win32-arm64-msvc" "4.57.1"
    "@rollup/rollup-win32-ia32-msvc" "4.57.1"
    "@rollup/rollup-win32-x64-gnu" "4.57.1"
    "@rollup/rollup-win32-x64-msvc" "4.57.1"
    fsevents "~2.3.2"

semver@^7.5.3:
  version "7.7.3"
  resolved "https://registry.npmjs.org/semver/-/semver-7.7.3.tgz"
  integrity sha512-SdsKMrI9TdgjdweUSR9MweHA4EJ8YxHn8DFaDisvhVlUOe4BF1tLD7GAj0lIqWVl+dPb/rExr0Btby5loQm20Q==

siginfo@^2.0.0:
  version "2.0.0"
  resolved "https://registry.npmjs.org/siginfo/-/siginfo-2.0.0.tgz"
  integrity sha512-ybx0WO1/8bSBLEWXZvEd7gMW3Sn3JFlW3TvX1nREbDLRNQNaeNN8WK0meBwPdAaOI7TtRRRJn/Es1zhrrCHu7g==

sirv@^3.0.2:
  version "3.0.2"
  resolved "https://registry.npmjs.org/sirv/-/sirv-3.0.2.tgz"
  integrity sha512-2wcC/oGxHis/BoHkkPwldgiPSYcpZK3JU28WoMVv55yHJgcZ8rlXvuG9iZggz+sU1d4bRgIGASwyWqjxu3FM0g==
  dependencies:
    "@polka/url" "^1.0.0-next.24"
    mrmime "^2.0.0"
    totalist "^3.0.0"

source-map-js@^1.2.1:
  version "1.2.1"
  resolved "https://registry.npmjs.org/source-map-js/-/source-map-js-1.2.1.tgz"
  integrity sha512-UXWMKhLOwVKb728IUtQPXxfYU+usdybtUrK/8uGE8CQMvrhOpwvzDBwj0QhSL7MQc7vIsISBG8VQ8+IDQxpfQA==

stackback@0.0.2:
  version "0.0.2"
  resolved "https://registry.npmjs.org/stackback/-/stackback-0.0.2.tgz"
  integrity sha512-1XMJE5fQo1jGH6Y/7ebnwPOBEkIEnT4QF32d5R1+VXdXveM0IBMJt8zfaxX1P3QhVwrYe+576+jkANtSS2mBbw==

std-env@^3.10.0:
  version "3.10.0"
  resolved "https://registry.npmjs.org/std-env/-/std-env-3.10.0.tgz"
  integrity sha512-5GS12FdOZNliM5mAOxFRg7Ir0pWz8MdpYm6AY6VPkGpbA7ZzmbzNcBJQ0GPvvyWgcY7QAhCgf9Uy89I03faLkg==

supports-color@^7.1.0:
  version "7.2.0"
  resolved "https://registry.npmjs.org/supports-color/-/supports-color-7.2.0.tgz"
  integrity sha512-qpCAvRl9stuOHveKsn7HncJRvv501qIacKzQlO/+Lwxc9+0q2wLyv4Dfvt80/DPn2pqOBsJdDiogXGR9+OvwRw==
  dependencies:
    has-flag "^4.0.0"

tinybench@^2.9.0:
  version "2.9.0"
  resolved "https://registry.npmjs.org/tinybench/-/tinybench-2.9.0.tgz"
  integrity sha512-0+DUvqWMValLmha6lr4kD8iAMK1HzV0/aKnCtWb9v9641TnP/MFb7Pc2bxoxQjTXAErryXVgUOfv2YqNllqGeg==

tinyexec@^1.0.2:
  version "1.0.2"
  resolved "https://registry.npmjs.org/tinyexec/-/tinyexec-1.0.2.tgz"
  integrity sha512-W/KYk+NFhkmsYpuHq5JykngiOCnxeVL8v8dFnqxSD8qEEdRfXk1SDM6JzNqcERbcGYj9tMrDQBYV9cjgnunFIg==

tinyglobby@^0.2.15:
  version "0.2.15"
  resolved "https://registry.npmjs.org/tinyglobby/-/tinyglobby-0.2.15.tgz"
  integrity sha512-j2Zq4NyQYG5XMST4cbs02Ak8iJUdxRM0XI5QyxXuZOzKOINmWurp3smXu3y5wDcJrptwpSjgXHzIQxR0omXljQ==
  dependencies:
    fdir "^6.5.0"
    picomatch "^4.0.3"

tinyrainbow@^3.0.3:
  version "3.0.3"
  resolved "https://registry.npmjs.org/tinyrainbow/-/tinyrainbow-3.0.3.tgz"
  integrity sha512-PSkbLUoxOFRzJYjjxHJt9xro7D+iilgMX/C9lawzVuYiIdcihh9DXmVibBe8lmcFrRi/VzlPjBxbN7rH24q8/Q==

totalist@^3.0.0:
  version "3.0.1"
  resolved "https://registry.npmjs.org/totalist/-/totalist-3.0.1.tgz"
  integrity sha512-sf4i37nQ2LBx4m3wB74y+ubopq6W/dIzXg0FDGjsYnZHVa1Da8FH853wlL2gtUhg+xJXjfk3kUZS3BRoQeoQBQ==

typescript@^5.9.3:
  version "5.9.3"
  resolved "https://registry.npmjs.org/typescript/-/typescript-5.9.3.tgz"
  integrity sha512-jl1vZzPDinLr9eUt3J/t7V6FgNEw9QjvBPdysz9KfQDD41fQrC2Y4vKQdiaUpFT4bXlb1RHhLpp8wtm6M5TgSw==

undici-types@~7.16.0:
  version "7.16.0"
  resolved "https://registry.npmjs.org/undici-types/-/undici-types-7.16.0.tgz"
  integrity sha512-Zz+aZWSj8LE6zoxD+xrjh4VfkIG8Ya6LvYkZqtUQGJPZjYl53ypCaUwWqo7eI0x66KBGeRo+mlBEkMSeSZ38Nw==

uuid@^11.1.0:
  version "11.1.0"
  resolved "https://registry.npmjs.org/uuid/-/uuid-11.1.0.tgz"
  integrity sha512-0/A9rDy9P7cJ+8w1c9WD9V//9Wj15Ce2MPz8Ri6032usz+NfePxx5AcN3bN+r6ZL6jEo066/yNYB3tn4pQEx+A==

"vite@^6.0.0 || ^7.0.0", "vite@^6.0.0 || ^7.0.0-0", vite@^7.3.1:
  version "7.3.1"
  resolved "https://registry.npmjs.org/vite/-/vite-7.3.1.tgz"
  integrity sha512-w+N7Hifpc3gRjZ63vYBXA56dvvRlNWRczTdmCBBa+CotUzAPf5b7YMdMR/8CQoeYE5LX3W4wj6RYTgonm1b9DA==
  dependencies:
    esbuild "^0.27.0"
    fdir "^6.5.0"
    picomatch "^4.0.3"
    postcss "^8.5.6"
    rollup "^4.43.0"
    tinyglobby "^0.2.15"
  optionalDependencies:
    fsevents "~2.3.3"

vitest@^4.0.18, vitest@4.0.18:
  version "4.0.18"
  resolved "https://registry.npmjs.org/vitest/-/vitest-4.0.18.tgz"
  integrity sha512-hOQuK7h0FGKgBAas7v0mSAsnvrIgAvWmRFjmzpJ7SwFHH3g1k2u37JtYwOwmEKhK6ZO3v9ggDBBm0La1LCK4uQ==
  dependencies:
    "@vitest/expect" "4.0.18"
    "@vitest/mocker" "4.0.18"
    "@vitest/pretty-format" "4.0.18"
    "@vitest/runner" "4.0.18"
    "@vitest/snapshot" "4.0.18"
    "@vitest/spy" "4.0.18"
    "@vitest/utils" "4.0.18"
    es-module-lexer "^1.7.0"
    expect-type "^1.2.2"
    magic-string "^0.30.21"
    obug "^2.1.1"
    pathe "^2.0.3"
    picomatch "^4.0.3"
    std-env "^3.10.0"
    tinybench "^2.9.0"
    tinyexec "^1.0.2"
    tinyglobby "^0.2.15"
    tinyrainbow "^3.0.3"
    vite "^6.0.0 || ^7.0.0"
    why-is-node-running "^2.3.0"

whatwg-mimetype@^3.0.0:
  version "3.0.0"
  resolved "https://registry.npmjs.org/whatwg-mimetype/-/whatwg-mimetype-3.0.0.tgz"
  integrity sha512-nt+N2dzIutVRxARx1nghPKGv1xHikU7HKdfafKkLNLindmPU/ch3U31NOCGGA/dmPcmb1VlofO0vnKAcsm0o/Q==

why-is-node-running@^2.3.0:
  version "2.3.0"
  resolved "https://registry.npmjs.org/why-is-node-running/-/why-is-node-running-2.3.0.tgz"
  integrity sha512-hUrmaWBdVDcxvYqnyh09zunKzROWjbZTiNy8dBEjkS7ehEDQibXJ7XvlmtbwuTclUiIyN+CyXQD4Vmko8fNm8w==
  dependencies:
    siginfo "^2.0.0"
    stackback "0.0.2"

ws@^8.18.3:
  version "8.19.0"
  resolved "https://registry.npmjs.org/ws/-/ws-8.19.0.tgz"
  integrity sha512-blAT2mjOEIi0ZzruJfIhb3nps74PRWTCz1IjglWEEpQl5XS/UNama6u2/rjFkDDouqr4L67ry+1aGIALViWjDg==
